// !$*UTF8*$!
{
	archiveVersion = 1;
	classes = {
	};
	objectVersion = 46;
	objects = {

/* Begin PBXBuildFile section */
		9246AF3D1B0A29BA00DEF906 /* AppDelegate.swift in Sources */ = {isa = PBXBuildFile; fileRef = 9246AF3C1B0A29BA00DEF906 /* AppDelegate.swift */; };
		9246AF3F1B0A29BA00DEF906 /* ViewController.swift in Sources */ = {isa = PBXBuildFile; fileRef = 9246AF3E1B0A29BA00DEF906 /* ViewController.swift */; };
		9246AF421B0A29BA00DEF906 /* Main.storyboard in Resources */ = {isa = PBXBuildFile; fileRef = 9246AF401B0A29BA00DEF906 /* Main.storyboard */; };
		9246AF441B0A29BA00DEF906 /* Images.xcassets in Resources */ = {isa = PBXBuildFile; fileRef = 9246AF431B0A29BA00DEF906 /* Images.xcassets */; };
		9246AF471B0A29BB00DEF906 /* LaunchScreen.xib in Resources */ = {isa = PBXBuildFile; fileRef = 9246AF451B0A29BB00DEF906 /* LaunchScreen.xib */; };
		9246AF531B0A29BB00DEF906 /* PostcardTests.swift in Sources */ = {isa = PBXBuildFile; fileRef = 9246AF521B0A29BB00DEF906 /* PostcardTests.swift */; };
/* End PBXBuildFile section */

/* Begin PBXContainerItemProxy section */
		9246AF4D1B0A29BB00DEF906 /* PBXContainerItemProxy */ = {
			isa = PBXContainerItemProxy;
			containerPortal = 9246AF2F1B0A29BA00DEF906 /* Project object */;
			proxyType = 1;
			remoteGlobalIDString = 9246AF361B0A29BA00DEF906;
			remoteInfo = Postcard;
		};
/* End PBXContainerItemProxy section */

/* Begin PBXFileReference section */
		9246AF371B0A29BA00DEF906 /* Postcard.app */ = {isa = PBXFileReference; explicitFileType = wrapper.application; includeInIndex = 0; path = Postcard.app; sourceTree = BUILT_PRODUCTS_DIR; };
		9246AF3B1B0A29BA00DEF906 /* Info.plist */ = {isa = PBXFileReference; lastKnownFileType = text.plist.xml; path = Info.plist; sourceTree = "<group>"; };
		9246AF3C1B0A29BA00DEF906 /* AppDelegate.swift */ = {isa = PBXFileReference; lastKnownFileType = sourcecode.swift; path = AppDelegate.swift; sourceTree = "<group>"; };
		9246AF3E1B0A29BA00DEF906 /* ViewController.swift */ = {isa = PBXFileReference; lastKnownFileType = sourcecode.swift; path = ViewController.swift; sourceTree = "<group>"; };
		9246AF411B0A29BA00DEF906 /* Base */ = {isa = PBXFileReference; lastKnownFileType = file.storyboard; name = Base; path = Base.lproj/Main.storyboard; sourceTree = "<group>"; };
		9246AF431B0A29BA00DEF906 /* Images.xcassets */ = {isa = PBXFileReference; lastKnownFileType = folder.assetcatalog; path = Images.xcassets; sourceTree = "<group>"; };
		9246AF461B0A29BB00DEF906 /* Base */ = {isa = PBXFileReference; lastKnownFileType = file.xib; name = Base; path = Base.lproj/LaunchScreen.xib; sourceTree = "<group>"; };
		9246AF4C1B0A29BB00DEF906 /* PostcardTests.xctest */ = {isa = PBXFileReference; explicitFileType = wrapper.cfbundle; includeInIndex = 0; path = PostcardTests.xctest; sourceTree = BUILT_PRODUCTS_DIR; };
		9246AF511B0A29BB00DEF906 /* Info.plist */ = {isa = PBXFileReference; lastKnownFileType = text.plist.xml; path = Info.plist; sourceTree = "<group>"; };
		9246AF521B0A29BB00DEF906 /* PostcardTests.swift */ = {isa = PBXFileReference; lastKnownFileType = sourcecode.swift; path = PostcardTests.swift; sourceTree = "<group>"; };
/* End PBXFileReference section */

/* Begin PBXFrameworksBuildPhase section */
		9246AF341B0A29BA00DEF906 /* Frameworks */ = {
			isa = PBXFrameworksBuildPhase;
			buildActionMask = 2147483647;
			files = (
			);
			runOnlyForDeploymentPostprocessing = 0;
		};
		9246AF491B0A29BB00DEF906 /* Frameworks */ = {
			isa = PBXFrameworksBuildPhase;
			buildActionMask = 2147483647;
			files = (
			);
			runOnlyForDeploymentPostprocessing = 0;
		};
/* End PBXFrameworksBuildPhase section */

/* Begin PBXGroup section */
		9246AF2E1B0A29BA00DEF906 = {
			isa = PBXGroup;
			children = (
				9246AF391B0A29BA00DEF906 /* Postcard */,
				9246AF4F1B0A29BB00DEF906 /* PostcardTests */,
				9246AF381B0A29BA00DEF906 /* Products */,
			);
			sourceTree = "<group>";
		};
		9246AF381B0A29BA00DEF906 /* Products */ = {
			isa = PBXGroup;
			children = (
				9246AF371B0A29BA00DEF906 /* Postcard.app */,
				9246AF4C1B0A29BB00DEF906 /* PostcardTests.xctest */,
			);
			name = Products;
			sourceTree = "<group>";
		};
		9246AF391B0A29BA00DEF906 /* Postcard */ = {
			isa = PBXGroup;
			children = (
				9246AF3C1B0A29BA00DEF906 /* AppDelegate.swift */,
				9246AF3E1B0A29BA00DEF906 /* ViewController.swift */,
				9246AF401B0A29BA00DEF906 /* Main.storyboard */,
				9246AF431B0A29BA00DEF906 /* Images.xcassets */,
				9246AF451B0A29BB00DEF906 /* LaunchScreen.xib */,
				9246AF3A1B0A29BA00DEF906 /* Supporting Files */,
			);
			path = Postcard;
			sourceTree = "<group>";
		};
		9246AF3A1B0A29BA00DEF906 /* Supporting Files */ = {
			isa = PBXGroup;
			children = (
				9246AF3B1B0A29BA00DEF906 /* Info.plist */,
			);
			name = "Supporting Files";
			sourceTree = "<group>";
		};
		9246AF4F1B0A29BB00DEF906 /* PostcardTests */ = {
			isa = PBXGroup;
			children = (
				9246AF521B0A29BB00DEF906 /* PostcardTests.swift */,
				9246AF501B0A29BB00DEF906 /* Supporting Files */,
			);
			path = PostcardTests;
			sourceTree = "<group>";
		};
		9246AF501B0A29BB00DEF906 /* Supporting Files */ = {
			isa = PBXGroup;
			children = (
				9246AF511B0A29BB00DEF906 /* Info.plist */,
			);
			name = "Supporting Files";
			sourceTree = "<group>";
		};
/* End PBXGroup section */

/* Begin PBXNativeTarget section */
		9246AF361B0A29BA00DEF906 /* Postcard */ = {
			isa = PBXNativeTarget;
			buildConfigurationList = 9246AF561B0A29BB00DEF906 /* Build configuration list for PBXNativeTarget "Postcard" */;
			buildPhases = (
				9246AF331B0A29BA00DEF906 /* Sources */,
				9246AF341B0A29BA00DEF906 /* Frameworks */,
				9246AF351B0A29BA00DEF906 /* Resources */,
			);
			buildRules = (
			);
			dependencies = (
			);
			name = Postcard;
			productName = Postcard;
			productReference = 9246AF371B0A29BA00DEF906 /* Postcard.app */;
			productType = "com.apple.product-type.application";
		};
		9246AF4B1B0A29BB00DEF906 /* PostcardTests */ = {
			isa = PBXNativeTarget;
			buildConfigurationList = 9246AF591B0A29BB00DEF906 /* Build configuration list for PBXNativeTarget "PostcardTests" */;
			buildPhases = (
				9246AF481B0A29BB00DEF906 /* Sources */,
				9246AF491B0A29BB00DEF906 /* Frameworks */,
				9246AF4A1B0A29BB00DEF906 /* Resources */,
			);
			buildRules = (
			);
			dependencies = (
				9246AF4E1B0A29BB00DEF906 /* PBXTargetDependency */,
			);
			name = PostcardTests;
			productName = PostcardTests;
			productReference = 9246AF4C1B0A29BB00DEF906 /* PostcardTests.xctest */;
			productType = "com.apple.product-type.bundle.unit-test";
		};
/* End PBXNativeTarget section */

/* Begin PBXProject section */
		9246AF2F1B0A29BA00DEF906 /* Project object */ = {
			isa = PBXProject;
			attributes = {
				LastUpgradeCheck = 0630;
				ORGANIZATIONNAME = ChampionshipMA;
				TargetAttributes = {
					9246AF361B0A29BA00DEF906 = {
						CreatedOnToolsVersion = 6.3.1;
					};
					9246AF4B1B0A29BB00DEF906 = {
						CreatedOnToolsVersion = 6.3.1;
						TestTargetID = 9246AF361B0A29BA00DEF906;
					};
				};
			};
			buildConfigurationList = 9246AF321B0A29BA00DEF906 /* Build configuration list for PBXProject "Postcard" */;
			compatibilityVersion = "Xcode 3.2";
			developmentRegion = English;
			hasScannedForEncodings = 0;
			knownRegions = (
				en,
				Base,
			);
			mainGroup = 9246AF2E1B0A29BA00DEF906;
			productRefGroup = 9246AF381B0A29BA00DEF906 /* Products */;
			projectDirPath = "";
			projectRoot = "";
			targets = (
				9246AF361B0A29BA00DEF906 /* Postcard */,
				9246AF4B1B0A29BB00DEF906 /* PostcardTests */,
			);
		};
/* End PBXProject section */

/* Begin PBXResourcesBuildPhase section */
		9246AF351B0A29BA00DEF906 /* Resources */ = {
			isa = PBXResourcesBuildPhase;
			buildActionMask = 2147483647;
			files = (
				9246AF421B0A29BA00DEF906 /* Main.storyboard in Resources */,
				9246AF471B0A29BB00DEF906 /* LaunchScreen.xib in Resources */,
				9246AF441B0A29BA00DEF906 /* Images.xcassets in Resources */,
			);
			runOnlyForDeploymentPostprocessing = 0;
		};
		9246AF4A1B0A29BB00DEF906 /* Resources */ = {
			isa = PBXResourcesBuildPhase;
			buildActionMask = 2147483647;
			files = (
			);
			runOnlyForDeploymentPostprocessing = 0;
		};
/* End PBXResourcesBuildPhase section */

/* Begin PBXSourcesBuildPhase section */
		9246AF331B0A29BA00DEF906 /* Sources */ = {
			isa = PBXSourcesBuildPhase;
			buildActionMask = 2147483647;
			files = (
				9246AF3F1B0A29BA00DEF906 /* ViewController.swift in Sources */,
				9246AF3D1B0A29BA00DEF906 /* AppDelegate.swift in Sources */,
			);
			runOnlyForDeploymentPostprocessing = 0;
		};
		9246AF481B0A29BB00DEF906 /* Sources */ = {
			isa = PBXSourcesBuildPhase;
			buildActionMask = 2147483647;
			files = (
				9246AF531B0A29BB00DEF906 /* PostcardTests.swift in Sources */,
			);
			runOnlyForDeploymentPostprocessing = 0;
		};
/* End PBXSourcesBuildPhase section */

/* Begin PBXTargetDependency section */
		9246AF4E1B0A29BB00DEF906 /* PBXTargetDependency */ = {
			isa = PBXTargetDependency;
			target = 9246AF361B0A29BA00DEF906 /* Postcard */;
			targetProxy = 9246AF4D1B0A29BB00DEF906 /* PBXContainerItemProxy */;
		};
/* End PBXTargetDependency section */

/* Begin PBXVariantGroup section */
		9246AF401B0A29BA00DEF906 /* Main.storyboard */ = {
			isa = PBXVariantGroup;
			children = (
				9246AF411B0A29BA00DEF906 /* Base */,
			);
			name = Main.storyboard;
			sourceTree = "<group>";
		};
		9246AF451B0A29BB00DEF906 /* LaunchScreen.xib */ = {
			isa = PBXVariantGroup;
			children = (
				9246AF461B0A29BB00DEF906 /* Base */,
			);
			name = LaunchScreen.xib;
			sourceTree = "<group>";
		};
/* End PBXVariantGroup section */

/* Begin XCBuildConfiguration section */
		9246AF541B0A29BB00DEF906 /* Debug */ = {
			isa = XCBuildConfiguration;
			buildSettings = {
				ALWAYS_SEARCH_USER_PATHS = NO;
				CLANG_CXX_LANGUAGE_STANDARD = "gnu++0x";
				CLANG_CXX_LIBRARY = "libc++";
				CLANG_ENABLE_MODULES = YES;
				CLANG_ENABLE_OBJC_ARC = YES;
				CLANG_WARN_BOOL_CONVERSION = YES;
				CLANG_WARN_CONSTANT_CONVERSION = YES;
				CLANG_WARN_DIRECT_OBJC_ISA_USAGE = YES_ERROR;
				CLANG_WARN_EMPTY_BODY = YES;
				CLANG_WARN_ENUM_CONVERSION = YES;
				CLANG_WARN_INT_CONVERSION = YES;
				CLANG_WARN_OBJC_ROOT_CLASS = YES_ERROR;
				CLANG_WARN_UNREACHABLE_CODE = YES;
				CLANG_WARN__DUPLICATE_METHOD_MATCH = YES;
				"CODE_SIGN_IDENTITY[sdk=iphoneos*]" = "iPhone Developer";
				COPY_PHASE_STRIP = NO;
				DEBUG_INFORMATION_FORMAT = "dwarf-with-dsym";
				ENABLE_STRICT_OBJC_MSGSEND = YES;
				GCC_C_LANGUAGE_STANDARD = gnu99;
				GCC_DYNAMIC_NO_PIC = NO;
				GCC_NO_COMMON_BLOCKS = YES;
				GCC_OPTIMIZATION_LEVEL = 0;
				GCC_PREPROCESSOR_DEFINITIONS = (
					"DEBUG=1",
					"$(inherited)",
				);
				GCC_SYMBOLS_PRIVATE_EXTERN = NO;
				GCC_WARN_64_TO_32_BIT_CONVERSION = YES;
				GCC_WARN_ABOUT_RETURN_TYPE = YES_ERROR;
				GCC_WARN_UNDECLARED_SELECTOR = YES;
				GCC_WARN_UNINITIALIZED_AUTOS = YES_AGGRESSIVE;
				GCC_WARN_UNUSED_FUNCTION = YES;
				GCC_WARN_UNUSED_VARIABLE = YES;
				IPHONEOS_DEPLOYMENT_TARGET = 8.3;
				MTL_ENABLE_DEBUG_INFO = YES;
				ONLY_ACTIVE_ARCH = YES;
				SDKROOT = iphoneos;
				SWIFT_OPTIMIZATION_LEVEL = "-Onone";
				TARGETED_DEVICE_FAMILY = "1,2";
			};
			name = Debug;
		};
		9246AF551B0A29BB00DEF906 /* Release */ = {
			isa = XCBuildConfiguration;
			buildSettings = {
				ALWAYS_SEARCH_USER_PATHS = NO;
				CLANG_CXX_LANGUAGE_STANDARD = "gnu++0x";
				CLANG_CXX_LIBRARY = "libc++";
				CLANG_ENABLE_MODULES = YES;
				CLANG_ENABLE_OBJC_ARC = YES;
				CLANG_WARN_BOOL_CONVERSION = YES;
				CLANG_WARN_CONSTANT_CONVERSION = YES;
				CLANG_WARN_DIRECT_OBJC_ISA_USAGE = YES_ERROR;
				CLANG_WARN_EMPTY_BODY = YES;
				CLANG_WARN_ENUM_CONVERSION = YES;
				CLANG_WARN_INT_CONVERSION = YES;
				CLANG_WARN_OBJC_ROOT_CLASS = YES_ERROR;
				CLANG_WARN_UNREACHABLE_CODE = YES;
				CLANG_WARN__DUPLICATE_METHOD_MATCH = YES;
				"CODE_SIGN_IDENTITY[sdk=iphoneos*]" = "iPhone Developer";
				COPY_PHASE_STRIP = NO;
				DEBUG_INFORMATION_FORMAT = "dwarf-with-dsym";
				ENABLE_NS_ASSERTIONS = NO;
				ENABLE_STRICT_OBJC_MSGSEND = YES;
				GCC_C_LANGUAGE_STANDARD = gnu99;
				GCC_NO_COMMON_BLOCKS = YES;
				GCC_WARN_64_TO_32_BIT_CONVERSION = YES;
				GCC_WARN_ABOUT_RETURN_TYPE = YES_ERROR;
				GCC_WARN_UNDECLARED_SELECTOR = YES;
				GCC_WARN_UNINITIALIZED_AUTOS = YES_AGGRESSIVE;
				GCC_WARN_UNUSED_FUNCTION = YES;
				GCC_WARN_UNUSED_VARIABLE = YES;
				IPHONEOS_DEPLOYMENT_TARGET = 8.3;
				MTL_ENABLE_DEBUG_INFO = NO;
				SDKROOT = iphoneos;
				TARGETED_DEVICE_FAMILY = "1,2";
				VALIDATE_PRODUCT = YES;
			};
			name = Release;
		};
		9246AF571B0A29BB00DEF906 /* Debug */ = {
			isa = XCBuildConfiguration;
			buildSettings = {
				ASSETCATALOG_COMPILER_APPICON_NAME = AppIcon;
				INFOPLIST_FILE = Postcard/Info.plist;
				LD_RUNPATH_SEARCH_PATHS = "$(inherited) @executable_path/Frameworks";
				PRODUCT_NAME = "$(TARGET_NAME)";
			};
			name = Debug;
		};
		9246AF581B0A29BB00DEF906 /* Release */ = {
			isa = XCBuildConfiguration;
			buildSettings = {
				ASSETCATALOG_COMPILER_APPICON_NAME = AppIcon;
				INFOPLIST_FILE = Postcard/Info.plist;
				LD_RUNPATH_SEARCH_PATHS = "$(inherited) @executable_path/Frameworks";
				PRODUCT_NAME = "$(TARGET_NAME)";
			};
			name = Release;
		};
		9246AF5A1B0A29BB00DEF906 /* Debug */ = {
			isa = XCBuildConfiguration;
			buildSettings = {
				BUNDLE_LOADER = "$(TEST_HOST)";
				FRAMEWORK_SEARCH_PATHS = (
					"$(SDKROOT)/Developer/Library/Frameworks",
					"$(inherited)",
				);
				GCC_PREPROCESSOR_DEFINITIONS = (
					"DEBUG=1",
					"$(inherited)",
				);
				INFOPLIST_FILE = PostcardTests/Info.plist;
				LD_RUNPATH_SEARCH_PATHS = "$(inherited) @executable_path/Frameworks @loader_path/Frameworks";
				PRODUCT_NAME = "$(TARGET_NAME)";
				TEST_HOST = "$(BUILT_PRODUCTS_DIR)/Postcard.app/Postcard";
			};
			name = Debug;
		};
		9246AF5B1B0A29BB00DEF906 /* Release */ = {
			isa = XCBuildConfiguration;
			buildSettings = {
				BUNDLE_LOADER = "$(TEST_HOST)";
				FRAMEWORK_SEARCH_PATHS = (
					"$(SDKROOT)/Developer/Library/Frameworks",
					"$(inherited)",
				);
				INFOPLIST_FILE = PostcardTests/Info.plist;
				LD_RUNPATH_SEARCH_PATHS = "$(inherited) @executable_path/Frameworks @loader_path/Frameworks";
				PRODUCT_NAME = "$(TARGET_NAME)";
				TEST_HOST = "$(BUILT_PRODUCTS_DIR)/Postcard.app/Postcard";
			};
			name = Release;
		};
/* End XCBuildConfiguration section */

/* Begin XCConfigurationList section */
		9246AF321B0A29BA00DEF906 /* Build configuration list for PBXProject "Postcard" */ = {
			isa = XCConfigurationList;
			buildConfigurations = (
				9246AF541B0A29BB00DEF906 /* Debug */,
				9246AF551B0A29BB00DEF906 /* Release */,
			);
			defaultConfigurationIsVisible = 0;
			defaultConfigurationName = Release;
		};
		9246AF561B0A29BB00DEF906 /* Build configuration list for PBXNativeTarget "Postcard" */ = {
			isa = XCConfigurationList;
			buildConfigurations = (
				9246AF571B0A29BB00DEF906 /* Debug */,
				9246AF581B0A29BB00DEF906 /* Release */,
			);
			defaultConfigurationIsVisible = 0;
		};
		9246AF591B0A29BB00DEF906 /* Build configuration list for PBXNativeTarget "PostcardTests" */ = {
			isa = XCConfigurationList;
			buildConfigurations = (
				9246AF5A1B0A29BB00DEF906 /* Debug */,
				9246AF5B1B0A29BB00DEF906 /* Release */,
			);
			defaultConfigurationIsVisible = 0;
		};
/* End XCConfigurationList section */
	};
	rootObject = 9246AF2F1B0A29BA00DEF906 /* Project object */;
}
